// !$*UTF8*$!
{
	archiveVersion = 1;
	classes = {
	};
	objectVersion = 50;
	objects = {

/* Begin PBXBuildFile section */
		59D281FE20C9B0AC00569631 /* AppDelegate.swift in Sources */ = {isa = PBXBuildFile; fileRef = 59D281FD20C9B0AC00569631 /* AppDelegate.swift */; };
		59D2820020C9B0AC00569631 /* ViewController.swift in Sources */ = {isa = PBXBuildFile; fileRef = 59D281FF20C9B0AC00569631 /* ViewController.swift */; };
		59D2820320C9B0AC00569631 /* Main.storyboard in Resources */ = {isa = PBXBuildFile; fileRef = 59D2820120C9B0AC00569631 /* Main.storyboard */; };
		59D2820620C9B0AC00569631 /* WayMDb.xcdatamodeld in Sources */ = {isa = PBXBuildFile; fileRef = 59D2820420C9B0AC00569631 /* WayMDb.xcdatamodeld */; };
		59D2820820C9B0AC00569631 /* Assets.xcassets in Resources */ = {isa = PBXBuildFile; fileRef = 59D2820720C9B0AC00569631 /* Assets.xcassets */; };
		59D2820B20C9B0AC00569631 /* LaunchScreen.storyboard in Resources */ = {isa = PBXBuildFile; fileRef = 59D2820920C9B0AC00569631 /* LaunchScreen.storyboard */; };
		59D2821620C9B0AC00569631 /* WayMDbTests.swift in Sources */ = {isa = PBXBuildFile; fileRef = 59D2821520C9B0AC00569631 /* WayMDbTests.swift */; };
		59D2822120C9B0AD00569631 /* WayMDbUITests.swift in Sources */ = {isa = PBXBuildFile; fileRef = 59D2822020C9B0AD00569631 /* WayMDbUITests.swift */; };
		59E2F8C520CEB2090091436F /* TableViewController.swift in Sources */ = {isa = PBXBuildFile; fileRef = 59E2F8C420CEB2090091436F /* TableViewController.swift */; };
		59F10CB120D00EFD00634C14 /* ResultCell.xib in Resources */ = {isa = PBXBuildFile; fileRef = 59F10CAC20D00EFC00634C14 /* ResultCell.xib */; };
		59F10CB220D00EFD00634C14 /* ResultCell.swift in Sources */ = {isa = PBXBuildFile; fileRef = 59F10CAD20D00EFD00634C14 /* ResultCell.swift */; };
		59F10CB420D00EFD00634C14 /* SearchResults.swift in Sources */ = {isa = PBXBuildFile; fileRef = 59F10CAF20D00EFD00634C14 /* SearchResults.swift */; };
		59F10CB820D0582500634C14 /* DetailViewController.swift in Sources */ = {isa = PBXBuildFile; fileRef = 59F10CB720D0582500634C14 /* DetailViewController.swift */; };
		59FE272320D1A17900E96EF4 /* People.swift in Sources */ = {isa = PBXBuildFile; fileRef = 59FE272220D1A17900E96EF4 /* People.swift */; };
		CB90E4FA20D58FB50098C89D /* CosmosDistrib.swift in Sources */ = {isa = PBXBuildFile; fileRef = CB90E4F920D58FB50098C89D /* CosmosDistrib.swift */; };
/* End PBXBuildFile section */

/* Begin PBXContainerItemProxy section */
		59D2821220C9B0AC00569631 /* PBXContainerItemProxy */ = {
			isa = PBXContainerItemProxy;
			containerPortal = 59D281F220C9B0AC00569631 /* Project object */;
			proxyType = 1;
			remoteGlobalIDString = 59D281F920C9B0AC00569631;
			remoteInfo = WayMDb;
		};
		59D2821D20C9B0AD00569631 /* PBXContainerItemProxy */ = {
			isa = PBXContainerItemProxy;
			containerPortal = 59D281F220C9B0AC00569631 /* Project object */;
			proxyType = 1;
			remoteGlobalIDString = 59D281F920C9B0AC00569631;
			remoteInfo = WayMDb;
		};
/* End PBXContainerItemProxy section */

/* Begin PBXFileReference section */
		59D281FA20C9B0AC00569631 /* WayMDb.app */ = {isa = PBXFileReference; explicitFileType = wrapper.application; includeInIndex = 0; path = WayMDb.app; sourceTree = BUILT_PRODUCTS_DIR; };
		59D281FD20C9B0AC00569631 /* AppDelegate.swift */ = {isa = PBXFileReference; lastKnownFileType = sourcecode.swift; path = AppDelegate.swift; sourceTree = "<group>"; };
		59D281FF20C9B0AC00569631 /* ViewController.swift */ = {isa = PBXFileReference; lastKnownFileType = sourcecode.swift; path = ViewController.swift; sourceTree = "<group>"; };
		59D2820220C9B0AC00569631 /* Base */ = {isa = PBXFileReference; lastKnownFileType = file.storyboard; name = Base; path = Base.lproj/Main.storyboard; sourceTree = "<group>"; };
		59D2820520C9B0AC00569631 /* WayMDb.xcdatamodel */ = {isa = PBXFileReference; lastKnownFileType = wrapper.xcdatamodel; path = WayMDb.xcdatamodel; sourceTree = "<group>"; };
		59D2820720C9B0AC00569631 /* Assets.xcassets */ = {isa = PBXFileReference; lastKnownFileType = folder.assetcatalog; path = Assets.xcassets; sourceTree = "<group>"; };
		59D2820A20C9B0AC00569631 /* Base */ = {isa = PBXFileReference; lastKnownFileType = file.storyboard; name = Base; path = Base.lproj/LaunchScreen.storyboard; sourceTree = "<group>"; };
		59D2820C20C9B0AC00569631 /* Info.plist */ = {isa = PBXFileReference; lastKnownFileType = text.plist.xml; path = Info.plist; sourceTree = "<group>"; };
		59D2821120C9B0AC00569631 /* WayMDbTests.xctest */ = {isa = PBXFileReference; explicitFileType = wrapper.cfbundle; includeInIndex = 0; path = WayMDbTests.xctest; sourceTree = BUILT_PRODUCTS_DIR; };
		59D2821520C9B0AC00569631 /* WayMDbTests.swift */ = {isa = PBXFileReference; lastKnownFileType = sourcecode.swift; path = WayMDbTests.swift; sourceTree = "<group>"; };
		59D2821720C9B0AC00569631 /* Info.plist */ = {isa = PBXFileReference; lastKnownFileType = text.plist.xml; path = Info.plist; sourceTree = "<group>"; };
		59D2821C20C9B0AD00569631 /* WayMDbUITests.xctest */ = {isa = PBXFileReference; explicitFileType = wrapper.cfbundle; includeInIndex = 0; path = WayMDbUITests.xctest; sourceTree = BUILT_PRODUCTS_DIR; };
		59D2822020C9B0AD00569631 /* WayMDbUITests.swift */ = {isa = PBXFileReference; lastKnownFileType = sourcecode.swift; path = WayMDbUITests.swift; sourceTree = "<group>"; };
		59D2822220C9B0AD00569631 /* Info.plist */ = {isa = PBXFileReference; lastKnownFileType = text.plist.xml; path = Info.plist; sourceTree = "<group>"; };
		59E2F8C420CEB2090091436F /* TableViewController.swift */ = {isa = PBXFileReference; lastKnownFileType = sourcecode.swift; path = TableViewController.swift; sourceTree = "<group>"; };
		59F10CAC20D00EFC00634C14 /* ResultCell.xib */ = {isa = PBXFileReference; fileEncoding = 4; lastKnownFileType = file.xib; path = ResultCell.xib; sourceTree = "<group>"; };
		59F10CAD20D00EFD00634C14 /* ResultCell.swift */ = {isa = PBXFileReference; fileEncoding = 4; lastKnownFileType = sourcecode.swift; path = ResultCell.swift; sourceTree = "<group>"; };
		59F10CAF20D00EFD00634C14 /* SearchResults.swift */ = {isa = PBXFileReference; fileEncoding = 4; lastKnownFileType = sourcecode.swift; path = SearchResults.swift; sourceTree = "<group>"; };
		59F10CB720D0582500634C14 /* DetailViewController.swift */ = {isa = PBXFileReference; lastKnownFileType = sourcecode.swift; path = DetailViewController.swift; sourceTree = "<group>"; };
		59FE272220D1A17900E96EF4 /* People.swift */ = {isa = PBXFileReference; fileEncoding = 4; lastKnownFileType = sourcecode.swift; path = People.swift; sourceTree = "<group>"; };
		CB90E4F920D58FB50098C89D /* CosmosDistrib.swift */ = {isa = PBXFileReference; fileEncoding = 4; lastKnownFileType = sourcecode.swift; path = CosmosDistrib.swift; sourceTree = "<group>"; };
/* End PBXFileReference section */

/* Begin PBXFrameworksBuildPhase section */
		59D281F720C9B0AC00569631 /* Frameworks */ = {
			isa = PBXFrameworksBuildPhase;
			buildActionMask = 2147483647;
			files = (
			);
			runOnlyForDeploymentPostprocessing = 0;
		};
		59D2820E20C9B0AC00569631 /* Frameworks */ = {
			isa = PBXFrameworksBuildPhase;
			buildActionMask = 2147483647;
			files = (
			);
			runOnlyForDeploymentPostprocessing = 0;
		};
		59D2821920C9B0AD00569631 /* Frameworks */ = {
			isa = PBXFrameworksBuildPhase;
			buildActionMask = 2147483647;
			files = (
			);
			runOnlyForDeploymentPostprocessing = 0;
		};
/* End PBXFrameworksBuildPhase section */

/* Begin PBXGroup section */
		59D281F120C9B0AC00569631 = {
			isa = PBXGroup;
			children = (
				59D281FC20C9B0AC00569631 /* WayMDb */,
				59D2821420C9B0AC00569631 /* WayMDbTests */,
				59D2821F20C9B0AD00569631 /* WayMDbUITests */,
				59D281FB20C9B0AC00569631 /* Products */,
			);
			sourceTree = "<group>";
		};
		59D281FB20C9B0AC00569631 /* Products */ = {
			isa = PBXGroup;
			children = (
				59D281FA20C9B0AC00569631 /* WayMDb.app */,
				59D2821120C9B0AC00569631 /* WayMDbTests.xctest */,
				59D2821C20C9B0AD00569631 /* WayMDbUITests.xctest */,
			);
			name = Products;
			sourceTree = "<group>";
		};
		59D281FC20C9B0AC00569631 /* WayMDb */ = {
			isa = PBXGroup;
			children = (
				CB90E4F920D58FB50098C89D /* CosmosDistrib.swift */,
				59D281FD20C9B0AC00569631 /* AppDelegate.swift */,
				59D281FF20C9B0AC00569631 /* ViewController.swift */,
				59D2820120C9B0AC00569631 /* Main.storyboard */,
				59F10CB720D0582500634C14 /* DetailViewController.swift */,
				59D2820720C9B0AC00569631 /* Assets.xcassets */,
				59D2820920C9B0AC00569631 /* LaunchScreen.storyboard */,
				59D2820C20C9B0AC00569631 /* Info.plist */,
				59D2820420C9B0AC00569631 /* WayMDb.xcdatamodeld */,
				59E2F8C420CEB2090091436F /* TableViewController.swift */,
				59F10CAD20D00EFD00634C14 /* ResultCell.swift */,
				59FE272220D1A17900E96EF4 /* People.swift */,
				59F10CAC20D00EFC00634C14 /* ResultCell.xib */,
				59F10CAF20D00EFD00634C14 /* SearchResults.swift */,
			);
			path = WayMDb;
			sourceTree = "<group>";
		};
		59D2821420C9B0AC00569631 /* WayMDbTests */ = {
			isa = PBXGroup;
			children = (
				59D2821520C9B0AC00569631 /* WayMDbTests.swift */,
				59D2821720C9B0AC00569631 /* Info.plist */,
			);
			path = WayMDbTests;
			sourceTree = "<group>";
		};
		59D2821F20C9B0AD00569631 /* WayMDbUITests */ = {
			isa = PBXGroup;
			children = (
				59D2822020C9B0AD00569631 /* WayMDbUITests.swift */,
				59D2822220C9B0AD00569631 /* Info.plist */,
			);
			path = WayMDbUITests;
			sourceTree = "<group>";
		};
/* End PBXGroup section */

/* Begin PBXNativeTarget section */
		59D281F920C9B0AC00569631 /* WayMDb */ = {
			isa = PBXNativeTarget;
			buildConfigurationList = 59D2822520C9B0AD00569631 /* Build configuration list for PBXNativeTarget "WayMDb" */;
			buildPhases = (
				59D281F620C9B0AC00569631 /* Sources */,
				59D281F720C9B0AC00569631 /* Frameworks */,
				59D281F820C9B0AC00569631 /* Resources */,
			);
			buildRules = (
			);
			dependencies = (
			);
			name = WayMDb;
			productName = WayMDb;
			productReference = 59D281FA20C9B0AC00569631 /* WayMDb.app */;
			productType = "com.apple.product-type.application";
		};
		59D2821020C9B0AC00569631 /* WayMDbTests */ = {
			isa = PBXNativeTarget;
			buildConfigurationList = 59D2822820C9B0AD00569631 /* Build configuration list for PBXNativeTarget "WayMDbTests" */;
			buildPhases = (
				59D2820D20C9B0AC00569631 /* Sources */,
				59D2820E20C9B0AC00569631 /* Frameworks */,
				59D2820F20C9B0AC00569631 /* Resources */,
			);
			buildRules = (
			);
			dependencies = (
				59D2821320C9B0AC00569631 /* PBXTargetDependency */,
			);
			name = WayMDbTests;
			productName = WayMDbTests;
			productReference = 59D2821120C9B0AC00569631 /* WayMDbTests.xctest */;
			productType = "com.apple.product-type.bundle.unit-test";
		};
		59D2821B20C9B0AD00569631 /* WayMDbUITests */ = {
			isa = PBXNativeTarget;
			buildConfigurationList = 59D2822B20C9B0AD00569631 /* Build configuration list for PBXNativeTarget "WayMDbUITests" */;
			buildPhases = (
				59D2821820C9B0AD00569631 /* Sources */,
				59D2821920C9B0AD00569631 /* Frameworks */,
				59D2821A20C9B0AD00569631 /* Resources */,
			);
			buildRules = (
			);
			dependencies = (
				59D2821E20C9B0AD00569631 /* PBXTargetDependency */,
			);
			name = WayMDbUITests;
			productName = WayMDbUITests;
			productReference = 59D2821C20C9B0AD00569631 /* WayMDbUITests.xctest */;
			productType = "com.apple.product-type.bundle.ui-testing";
		};
/* End PBXNativeTarget section */

/* Begin PBXProject section */
		59D281F220C9B0AC00569631 /* Project object */ = {
			isa = PBXProject;
			attributes = {
				LastSwiftUpdateCheck = 0940;
				LastUpgradeCheck = 0940;
				ORGANIZATIONNAME = "Kuan-Chi Chen";
				TargetAttributes = {
					59D281F920C9B0AC00569631 = {
						CreatedOnToolsVersion = 9.4;
					};
					59D2821020C9B0AC00569631 = {
						CreatedOnToolsVersion = 9.4;
						TestTargetID = 59D281F920C9B0AC00569631;
					};
					59D2821B20C9B0AD00569631 = {
						CreatedOnToolsVersion = 9.4;
						TestTargetID = 59D281F920C9B0AC00569631;
					};
				};
			};
			buildConfigurationList = 59D281F520C9B0AC00569631 /* Build configuration list for PBXProject "WayMDb" */;
			compatibilityVersion = "Xcode 9.3";
			developmentRegion = en;
			hasScannedForEncodings = 0;
			knownRegions = (
				en,
				Base,
			);
			mainGroup = 59D281F120C9B0AC00569631;
			productRefGroup = 59D281FB20C9B0AC00569631 /* Products */;
			projectDirPath = "";
			projectRoot = "";
			targets = (
				59D281F920C9B0AC00569631 /* WayMDb */,
				59D2821020C9B0AC00569631 /* WayMDbTests */,
				59D2821B20C9B0AD00569631 /* WayMDbUITests */,
			);
		};
/* End PBXProject section */

/* Begin PBXResourcesBuildPhase section */
		59D281F820C9B0AC00569631 /* Resources */ = {
			isa = PBXResourcesBuildPhase;
			buildActionMask = 2147483647;
			files = (
				59D2820B20C9B0AC00569631 /* LaunchScreen.storyboard in Resources */,
				59D2820820C9B0AC00569631 /* Assets.xcassets in Resources */,
				59F10CB120D00EFD00634C14 /* ResultCell.xib in Resources */,
				59D2820320C9B0AC00569631 /* Main.storyboard in Resources */,
			);
			runOnlyForDeploymentPostprocessing = 0;
		};
		59D2820F20C9B0AC00569631 /* Resources */ = {
			isa = PBXResourcesBuildPhase;
			buildActionMask = 2147483647;
			files = (
			);
			runOnlyForDeploymentPostprocessing = 0;
		};
		59D2821A20C9B0AD00569631 /* Resources */ = {
			isa = PBXResourcesBuildPhase;
			buildActionMask = 2147483647;
			files = (
			);
			runOnlyForDeploymentPostprocessing = 0;
		};
/* End PBXResourcesBuildPhase section */

/* Begin PBXSourcesBuildPhase section */
		59D281F620C9B0AC00569631 /* Sources */ = {
			isa = PBXSourcesBuildPhase;
			buildActionMask = 2147483647;
			files = (
				59F10CB820D0582500634C14 /* DetailViewController.swift in Sources */,
				59D2820020C9B0AC00569631 /* ViewController.swift in Sources */,
				59D2820620C9B0AC00569631 /* WayMDb.xcdatamodeld in Sources */,
				59F10CB220D00EFD00634C14 /* ResultCell.swift in Sources */,
				59FE272320D1A17900E96EF4 /* People.swift in Sources */,
				CB90E4FA20D58FB50098C89D /* CosmosDistrib.swift in Sources */,
				59D281FE20C9B0AC00569631 /* AppDelegate.swift in Sources */,
				59E2F8C520CEB2090091436F /* TableViewController.swift in Sources */,
				59F10CB420D00EFD00634C14 /* SearchResults.swift in Sources */,
			);
			runOnlyForDeploymentPostprocessing = 0;
		};
		59D2820D20C9B0AC00569631 /* Sources */ = {
			isa = PBXSourcesBuildPhase;
			buildActionMask = 2147483647;
			files = (
				59D2821620C9B0AC00569631 /* WayMDbTests.swift in Sources */,
			);
			runOnlyForDeploymentPostprocessing = 0;
		};
		59D2821820C9B0AD00569631 /* Sources */ = {
			isa = PBXSourcesBuildPhase;
			buildActionMask = 2147483647;
			files = (
				59D2822120C9B0AD00569631 /* WayMDbUITests.swift in Sources */,
			);
			runOnlyForDeploymentPostprocessing = 0;
		};
/* End PBXSourcesBuildPhase section */

/* Begin PBXTargetDependency section */
		59D2821320C9B0AC00569631 /* PBXTargetDependency */ = {
			isa = PBXTargetDependency;
			target = 59D281F920C9B0AC00569631 /* WayMDb */;
			targetProxy = 59D2821220C9B0AC00569631 /* PBXContainerItemProxy */;
		};
		59D2821E20C9B0AD00569631 /* PBXTargetDependency */ = {
			isa = PBXTargetDependency;
			target = 59D281F920C9B0AC00569631 /* WayMDb */;
			targetProxy = 59D2821D20C9B0AD00569631 /* PBXContainerItemProxy */;
		};
/* End PBXTargetDependency section */

/* Begin PBXVariantGroup section */
		59D2820120C9B0AC00569631 /* Main.storyboard */ = {
			isa = PBXVariantGroup;
			children = (
				59D2820220C9B0AC00569631 /* Base */,
			);
			name = Main.storyboard;
			sourceTree = "<group>";
		};
		59D2820920C9B0AC00569631 /* LaunchScreen.storyboard */ = {
			isa = PBXVariantGroup;
			children = (
				59D2820A20C9B0AC00569631 /* Base */,
			);
			name = LaunchScreen.storyboard;
			sourceTree = "<group>";
		};
/* End PBXVariantGroup section */

/* Begin XCBuildConfiguration section */
		59D2822320C9B0AD00569631 /* Debug */ = {
			isa = XCBuildConfiguration;
			buildSettings = {
				ALWAYS_SEARCH_USER_PATHS = NO;
				CLANG_ANALYZER_NONNULL = YES;
				CLANG_ANALYZER_NUMBER_OBJECT_CONVERSION = YES_AGGRESSIVE;
				CLANG_CXX_LANGUAGE_STANDARD = "gnu++14";
				CLANG_CXX_LIBRARY = "libc++";
				CLANG_ENABLE_MODULES = YES;
				CLANG_ENABLE_OBJC_ARC = YES;
				CLANG_ENABLE_OBJC_WEAK = YES;
				CLANG_WARN_BLOCK_CAPTURE_AUTORELEASING = YES;
				CLANG_WARN_BOOL_CONVERSION = YES;
				CLANG_WARN_COMMA = YES;
				CLANG_WARN_CONSTANT_CONVERSION = YES;
				CLANG_WARN_DEPRECATED_OBJC_IMPLEMENTATIONS = YES;
				CLANG_WARN_DIRECT_OBJC_ISA_USAGE = YES_ERROR;
				CLANG_WARN_DOCUMENTATION_COMMENTS = YES;
				CLANG_WARN_EMPTY_BODY = YES;
				CLANG_WARN_ENUM_CONVERSION = YES;
				CLANG_WARN_INFINITE_RECURSION = YES;
				CLANG_WARN_INT_CONVERSION = YES;
				CLANG_WARN_NON_LITERAL_NULL_CONVERSION = YES;
				CLANG_WARN_OBJC_IMPLICIT_RETAIN_SELF = YES;
				CLANG_WARN_OBJC_LITERAL_CONVERSION = YES;
				CLANG_WARN_OBJC_ROOT_CLASS = YES_ERROR;
				CLANG_WARN_RANGE_LOOP_ANALYSIS = YES;
				CLANG_WARN_STRICT_PROTOTYPES = YES;
				CLANG_WARN_SUSPICIOUS_MOVE = YES;
				CLANG_WARN_UNGUARDED_AVAILABILITY = YES_AGGRESSIVE;
				CLANG_WARN_UNREACHABLE_CODE = YES;
				CLANG_WARN__DUPLICATE_METHOD_MATCH = YES;
				CODE_SIGN_IDENTITY = "iPhone Developer";
				COPY_PHASE_STRIP = NO;
				DEBUG_INFORMATION_FORMAT = dwarf;
				ENABLE_STRICT_OBJC_MSGSEND = YES;
				ENABLE_TESTABILITY = YES;
				GCC_C_LANGUAGE_STANDARD = gnu11;
				GCC_DYNAMIC_NO_PIC = NO;
				GCC_NO_COMMON_BLOCKS = YES;
				GCC_OPTIMIZATION_LEVEL = 0;
				GCC_PREPROCESSOR_DEFINITIONS = (
					"DEBUG=1",
					"$(inherited)",
				);
				GCC_WARN_64_TO_32_BIT_CONVERSION = YES;
				GCC_WARN_ABOUT_RETURN_TYPE = YES_ERROR;
				GCC_WARN_UNDECLARED_SELECTOR = YES;
				GCC_WARN_UNINITIALIZED_AUTOS = YES_AGGRESSIVE;
				GCC_WARN_UNUSED_FUNCTION = YES;
				GCC_WARN_UNUSED_VARIABLE = YES;
				IPHONEOS_DEPLOYMENT_TARGET = 11.4;
				MTL_ENABLE_DEBUG_INFO = YES;
				ONLY_ACTIVE_ARCH = YES;
				SDKROOT = iphoneos;
				SWIFT_ACTIVE_COMPILATION_CONDITIONS = DEBUG;
				SWIFT_OPTIMIZATION_LEVEL = "-Onone";
			};
			name = Debug;
		};
		59D2822420C9B0AD00569631 /* Release */ = {
			isa = XCBuildConfiguration;
			buildSettings = {
				ALWAYS_SEARCH_USER_PATHS = NO;
				CLANG_ANALYZER_NONNULL = YES;
				CLANG_ANALYZER_NUMBER_OBJECT_CONVERSION = YES_AGGRESSIVE;
				CLANG_CXX_LANGUAGE_STANDARD = "gnu++14";
				CLANG_CXX_LIBRARY = "libc++";
				CLANG_ENABLE_MODULES = YES;
				CLANG_ENABLE_OBJC_ARC = YES;
				CLANG_ENABLE_OBJC_WEAK = YES;
				CLANG_WARN_BLOCK_CAPTURE_AUTORELEASING = YES;
				CLANG_WARN_BOOL_CONVERSION = YES;
				CLANG_WARN_COMMA = YES;
				CLANG_WARN_CONSTANT_CONVERSION = YES;
				CLANG_WARN_DEPRECATED_OBJC_IMPLEMENTATIONS = YES;
				CLANG_WARN_DIRECT_OBJC_ISA_USAGE = YES_ERROR;
				CLANG_WARN_DOCUMENTATION_COMMENTS = YES;
				CLANG_WARN_EMPTY_BODY = YES;
				CLANG_WARN_ENUM_CONVERSION = YES;
				CLANG_WARN_INFINITE_RECURSION = YES;
				CLANG_WARN_INT_CONVERSION = YES;
				CLANG_WARN_NON_LITERAL_NULL_CONVERSION = YES;
				CLANG_WARN_OBJC_IMPLICIT_RETAIN_SELF = YES;
				CLANG_WARN_OBJC_LITERAL_CONVERSION = YES;
				CLANG_WARN_OBJC_ROOT_CLASS = YES_ERROR;
				CLANG_WARN_RANGE_LOOP_ANALYSIS = YES;
				CLANG_WARN_STRICT_PROTOTYPES = YES;
				CLANG_WARN_SUSPICIOUS_MOVE = YES;
				CLANG_WARN_UNGUARDED_AVAILABILITY = YES_AGGRESSIVE;
				CLANG_WARN_UNREACHABLE_CODE = YES;
				CLANG_WARN__DUPLICATE_METHOD_MATCH = YES;
				CODE_SIGN_IDENTITY = "iPhone Developer";
				COPY_PHASE_STRIP = NO;
				DEBUG_INFORMATION_FORMAT = "dwarf-with-dsym";
				ENABLE_NS_ASSERTIONS = NO;
				ENABLE_STRICT_OBJC_MSGSEND = YES;
				GCC_C_LANGUAGE_STANDARD = gnu11;
				GCC_NO_COMMON_BLOCKS = YES;
				GCC_WARN_64_TO_32_BIT_CONVERSION = YES;
				GCC_WARN_ABOUT_RETURN_TYPE = YES_ERROR;
				GCC_WARN_UNDECLARED_SELECTOR = YES;
				GCC_WARN_UNINITIALIZED_AUTOS = YES_AGGRESSIVE;
				GCC_WARN_UNUSED_FUNCTION = YES;
				GCC_WARN_UNUSED_VARIABLE = YES;
				IPHONEOS_DEPLOYMENT_TARGET = 11.4;
				MTL_ENABLE_DEBUG_INFO = NO;
				SDKROOT = iphoneos;
				SWIFT_COMPILATION_MODE = wholemodule;
				SWIFT_OPTIMIZATION_LEVEL = "-O";
				VALIDATE_PRODUCT = YES;
			};
			name = Release;
		};
		59D2822620C9B0AD00569631 /* Debug */ = {
			isa = XCBuildConfiguration;
			buildSettings = {
				ASSETCATALOG_COMPILER_APPICON_NAME = AppIcon;
				CODE_SIGN_STYLE = Automatic;
				INFOPLIST_FILE = WayMDb/Info.plist;
				LD_RUNPATH_SEARCH_PATHS = (
					"$(inherited)",
					"@executable_path/Frameworks",
				);
				PRODUCT_BUNDLE_IDENTIFIER = com.kuanchi.WayMDb;
				PRODUCT_NAME = "$(TARGET_NAME)";
				SWIFT_VERSION = 4.0;
				TARGETED_DEVICE_FAMILY = "1,2";
			};
			name = Debug;
		};
		59D2822720C9B0AD00569631 /* Release */ = {
			isa = XCBuildConfiguration;
			buildSettings = {
				ASSETCATALOG_COMPILER_APPICON_NAME = AppIcon;
				CODE_SIGN_STYLE = Automatic;
				INFOPLIST_FILE = WayMDb/Info.plist;
				LD_RUNPATH_SEARCH_PATHS = (
					"$(inherited)",
					"@executable_path/Frameworks",
				);
				PRODUCT_BUNDLE_IDENTIFIER = com.kuanchi.WayMDb;
				PRODUCT_NAME = "$(TARGET_NAME)";
				SWIFT_VERSION = 4.0;
				TARGETED_DEVICE_FAMILY = "1,2";
			};
			name = Release;
		};
		59D2822920C9B0AD00569631 /* Debug */ = {
			isa = XCBuildConfiguration;
			buildSettings = {
				ALWAYS_EMBED_SWIFT_STANDARD_LIBRARIES = YES;
				BUNDLE_LOADER = "$(TEST_HOST)";
				CODE_SIGN_STYLE = Automatic;
				INFOPLIST_FILE = WayMDbTests/Info.plist;
				LD_RUNPATH_SEARCH_PATHS = (
					"$(inherited)",
					"@executable_path/Frameworks",
					"@loader_path/Frameworks",
				);
				PRODUCT_BUNDLE_IDENTIFIER = com.kuanchi.WayMDbTests;
				PRODUCT_NAME = "$(TARGET_NAME)";
				SWIFT_VERSION = 4.0;
				TARGETED_DEVICE_FAMILY = "1,2";
				TEST_HOST = "$(BUILT_PRODUCTS_DIR)/WayMDb.app/WayMDb";
			};
			name = Debug;
		};
		59D2822A20C9B0AD00569631 /* Release */ = {
			isa = XCBuildConfiguration;
			buildSettings = {
				ALWAYS_EMBED_SWIFT_STANDARD_LIBRARIES = YES;
				BUNDLE_LOADER = "$(TEST_HOST)";
				CODE_SIGN_STYLE = Automatic;
				INFOPLIST_FILE = WayMDbTests/Info.plist;
				LD_RUNPATH_SEARCH_PATHS = (
					"$(inherited)",
					"@executable_path/Frameworks",
					"@loader_path/Frameworks",
				);
				PRODUCT_BUNDLE_IDENTIFIER = com.kuanchi.WayMDbTests;
				PRODUCT_NAME = "$(TARGET_NAME)";
				SWIFT_VERSION = 4.0;
				TARGETED_DEVICE_FAMILY = "1,2";
				TEST_HOST = "$(BUILT_PRODUCTS_DIR)/WayMDb.app/WayMDb";
			};
			name = Release;
		};
		59D2822C20C9B0AD00569631 /* Debug */ = {
			isa = XCBuildConfiguration;
			buildSettings = {
				ALWAYS_EMBED_SWIFT_STANDARD_LIBRARIES = YES;
				CODE_SIGN_STYLE = Automatic;
				INFOPLIST_FILE = WayMDbUITests/Info.plist;
				LD_RUNPATH_SEARCH_PATHS = (
					"$(inherited)",
					"@executable_path/Frameworks",
					"@loader_path/Frameworks",
				);
				PRODUCT_BUNDLE_IDENTIFIER = com.kuanchi.WayMDbUITests;
				PRODUCT_NAME = "$(TARGET_NAME)";
				SWIFT_VERSION = 4.0;
				TARGETED_DEVICE_FAMILY = "1,2";
				TEST_TARGET_NAME = WayMDb;
			};
			name = Debug;
		};
		59D2822D20C9B0AD00569631 /* Release */ = {
			isa = XCBuildConfiguration;
			buildSettings = {
				ALWAYS_EMBED_SWIFT_STANDARD_LIBRARIES = YES;
				CODE_SIGN_STYLE = Automatic;
				INFOPLIST_FILE = WayMDbUITests/Info.plist;
				LD_RUNPATH_SEARCH_PATHS = (
					"$(inherited)",
					"@executable_path/Frameworks",
					"@loader_path/Frameworks",
				);
				PRODUCT_BUNDLE_IDENTIFIER = com.kuanchi.WayMDbUITests;
				PRODUCT_NAME = "$(TARGET_NAME)";
				SWIFT_VERSION = 4.0;
				TARGETED_DEVICE_FAMILY = "1,2";
				TEST_TARGET_NAME = WayMDb;
			};
			name = Release;
		};
/* End XCBuildConfiguration section */

/* Begin XCConfigurationList section */
		59D281F520C9B0AC00569631 /* Build configuration list for PBXProject "WayMDb" */ = {
			isa = XCConfigurationList;
			buildConfigurations = (
				59D2822320C9B0AD00569631 /* Debug */,
				59D2822420C9B0AD00569631 /* Release */,
			);
			defaultConfigurationIsVisible = 0;
			defaultConfigurationName = Release;
		};
		59D2822520C9B0AD00569631 /* Build configuration list for PBXNativeTarget "WayMDb" */ = {
			isa = XCConfigurationList;
			buildConfigurations = (
				59D2822620C9B0AD00569631 /* Debug */,
				59D2822720C9B0AD00569631 /* Release */,
			);
			defaultConfigurationIsVisible = 0;
			defaultConfigurationName = Release;
		};
		59D2822820C9B0AD00569631 /* Build configuration list for PBXNativeTarget "WayMDbTests" */ = {
			isa = XCConfigurationList;
			buildConfigurations = (
				59D2822920C9B0AD00569631 /* Debug */,
				59D2822A20C9B0AD00569631 /* Release */,
			);
			defaultConfigurationIsVisible = 0;
			defaultConfigurationName = Release;
		};
		59D2822B20C9B0AD00569631 /* Build configuration list for PBXNativeTarget "WayMDbUITests" */ = {
			isa = XCConfigurationList;
			buildConfigurations = (
				59D2822C20C9B0AD00569631 /* Debug */,
				59D2822D20C9B0AD00569631 /* Release */,
			);
			defaultConfigurationIsVisible = 0;
			defaultConfigurationName = Release;
		};
/* End XCConfigurationList section */

/* Begin XCVersionGroup section */
		59D2820420C9B0AC00569631 /* WayMDb.xcdatamodeld */ = {
			isa = XCVersionGroup;
			children = (
				59D2820520C9B0AC00569631 /* WayMDb.xcdatamodel */,
			);
			currentVersion = 59D2820520C9B0AC00569631 /* WayMDb.xcdatamodel */;
			path = WayMDb.xcdatamodeld;
			sourceTree = "<group>";
			versionGroupType = wrapper.xcdatamodel;
		};
/* End XCVersionGroup section */
	};
	rootObject = 59D281F220C9B0AC00569631 /* Project object */;
}
